
Microsoft Visual Studio Solution File, Format Version 12.00
# Visual Studio Version 16
VisualStudioVersion = 16.0.29709.97
MinimumVisualStudioVersion = 10.0.40219.1
Project("{8BC9CEB8-8B4A-11D0-8D11-00A0C91BC942}") = "SkyrimRedirector", "SkyrimRedirector\SkyrimRedirector.vcxproj", "{2B6E58D8-27A1-4C7E-9115-D315C2599C9E}"
EndProject
Project("{8BC9CEB8-8B4A-11D0-8D11-00A0C91BC942}") = "Detours", "Detours\Detours.vcxproj", "{A12518FB-BC92-4A1B-A986-329AA63014ED}"
EndProject
Project("{8BC9CEB8-8B4A-11D0-8D11-00A0C91BC942}") = "Test", "Test\Test.vcxproj", "{96F5D339-025D-4C89-9ED2-BDFA089F77AF}"
EndProject
Project("{2150E333-8FDC-42A3-9474-1A3956D46DE8}") = "Solution Items", "Solution Items", "{4770DB3F-E332-4924-BE8F-385BBE014990}"
	ProjectSection(SolutionItems) = preProject
		.editorconfig = .editorconfig
		CHANGELOG.md = CHANGELOG.md
		CONTRIBUTING.md = CONTRIBUTING.md
		README.md = README.md
	EndProjectSection
EndProject
Global
	GlobalSection(SolutionConfigurationPlatforms) = preSolution
		Debug|x86 = Debug|x86
		Release|x86 = Release|x86
	EndGlobalSection
	GlobalSection(ProjectConfigurationPlatforms) = postSolution
		{2B6E58D8-27A1-4C7E-9115-D315C2599C9E}.Debug|x86.ActiveCfg = Debug|Win32
		{2B6E58D8-27A1-4C7E-9115-D315C2599C9E}.Debug|x86.Build.0 = Debug|Win32
		{2B6E58D8-27A1-4C7E-9115-D315C2599C9E}.Release|x86.ActiveCfg = Release|Win32
		{2B6E58D8-27A1-4C7E-9115-D315C2599C9E}.Release|x86.Build.0 = Release|Win32
		{A12518FB-BC92-4A1B-A986-329AA63014ED}.Debug|x86.ActiveCfg = Release|Win32
		{A12518FB-BC92-4A1B-A986-329AA63014ED}.Debug|x86.Build.0 = Release|Win32
		{A12518FB-BC92-4A1B-A986-329AA63014ED}.Release|x86.ActiveCfg = Release|Win32
		{A12518FB-BC92-4A1B-A986-329AA63014ED}.Release|x86.Build.0 = Release|Win32
		{96F5D339-025D-4C89-9ED2-BDFA089F77AF}.Debug|x86.ActiveCfg = Debug|Win32
		{96F5D339-025D-4C89-9ED2-BDFA089F77AF}.Debug|x86.Build.0 = Debug|Win32
		{96F5D339-025D-4C89-9ED2-BDFA089F77AF}.Debug|x86.Deploy.0 = Debug|Win32
		{96F5D339-025D-4C89-9ED2-BDFA089F77AF}.Release|x86.ActiveCfg = Release|Win32
		{96F5D339-025D-4C89-9ED2-BDFA089F77AF}.Release|x86.Build.0 = Release|Win32
		{96F5D339-025D-4C89-9ED2-BDFA089F77AF}.Release|x86.Deploy.0 = Release|Win32
	EndGlobalSection
	GlobalSection(SolutionProperties) = preSolution
		HideSolutionNode = FALSE
	EndGlobalSection
	GlobalSection(ExtensibilityGlobals) = postSolution
		SolutionGuid = {9BDFBB68-9563-4677-A962-643A5904D0F7}
	EndGlobalSection
EndGlobal
